
Microsoft Visual Studio Solution File, Format Version 12.00
# Visual Studio Version 17
VisualStudioVersion = 17.7.34202.233
MinimumVisualStudioVersion = 10.0.40219.1
Project("{FAE04EC0-301F-11D3-BF4B-00C04F79EFBC}") = "AsyncTaskProject.Console", "AsyncTaskProject.Console\AsyncTaskProject.Console.csproj", "{D93C98A7-B931-4396-BD39-027A5C678DA8}"
EndProject
Global
	GlobalSection(SolutionConfigurationPlatforms) = preSolution
		Debug|Any CPU = Debug|Any CPU
		Release|Any CPU = Release|Any CPU
	EndGlobalSection
	GlobalSection(ProjectConfigurationPlatforms) = postSolution
		{D93C98A7-B931-4396-BD39-027A5C678DA8}.Debug|Any CPU.ActiveCfg = Debug|Any CPU
		{D93C98A7-B931-4396-BD39-027A5C678DA8}.Debug|Any CPU.Build.0 = Debug|Any CPU
		{D93C98A7-B931-4396-BD39-027A5C678DA8}.Release|Any CPU.ActiveCfg = Release|Any CPU
		{D93C98A7-B931-4396-BD39-027A5C678DA8}.Release|Any CPU.Build.0 = Release|Any CPU
	EndGlobalSection
	GlobalSection(SolutionProperties) = preSolution
		HideSolutionNode = FALSE
	EndGlobalSection
	GlobalSection(ExtensibilityGlobals) = postSolution
		SolutionGuid = {B257396A-B8E5-49A3-A866-D46EE92B80F1}
	EndGlobalSection
EndGlobal
